
Microsoft Visual Studio Solution File, Format Version 12.00
Project("{FAE04EC0-301F-11D3-BF4B-00C04F79EFBC}") = "Mission3", "Mission3.csproj", "{310A8F13-BEF5-4ADA-8456-ACF448ABE711}"
EndProject
Global
	GlobalSection(SolutionConfigurationPlatforms) = preSolution
		Debug|Any CPU = Debug|Any CPU
		Release|Any CPU = Release|Any CPU
	EndGlobalSection
	GlobalSection(ProjectConfigurationPlatforms) = postSolution
		{310A8F13-BEF5-4ADA-8456-ACF448ABE711}.Debug|Any CPU.ActiveCfg = Debug|Any CPU
		{310A8F13-BEF5-4ADA-8456-ACF448ABE711}.Debug|Any CPU.Build.0 = Debug|Any CPU
		{310A8F13-BEF5-4ADA-8456-ACF448ABE711}.Release|Any CPU.ActiveCfg = Release|Any CPU
		{310A8F13-BEF5-4ADA-8456-ACF448ABE711}.Release|Any CPU.Build.0 = Release|Any CPU
	EndGlobalSection
EndGlobal
